
Microsoft Visual Studio Solution File, Format Version 12.00
# Visual Studio Version 16
VisualStudioVersion = 16.0.31424.327
MinimumVisualStudioVersion = 10.0.40219.1
Project("{FAE04EC0-301F-11D3-BF4B-00C04F79EFBC}") = "JiraIntegrationDemo", "JiraIntegrationDemo\JiraIntegrationDemo.csproj", "{3C42868C-E893-4257-BAE4-F00E8897A511}"
EndProject
Global
	GlobalSection(SolutionConfigurationPlatforms) = preSolution
		Debug|Any CPU = Debug|Any CPU
		Release|Any CPU = Release|Any CPU
	EndGlobalSection
	GlobalSection(ProjectConfigurationPlatforms) = postSolution
		{3C42868C-E893-4257-BAE4-F00E8897A511}.Debug|Any CPU.ActiveCfg = Debug|Any CPU
		{3C42868C-E893-4257-BAE4-F00E8897A511}.Debug|Any CPU.Build.0 = Debug|Any CPU
		{3C42868C-E893-4257-BAE4-F00E8897A511}.Release|Any CPU.ActiveCfg = Release|Any CPU
		{3C42868C-E893-4257-BAE4-F00E8897A511}.Release|Any CPU.Build.0 = Release|Any CPU
	EndGlobalSection
	GlobalSection(SolutionProperties) = preSolution
		HideSolutionNode = FALSE
	EndGlobalSection
	GlobalSection(ExtensibilityGlobals) = postSolution
		SolutionGuid = {7E52A79D-1CE0-4C12-96BE-51F67B58C488}
	EndGlobalSection
EndGlobal
